
Microsoft Visual Studio Solution File, Format Version 12.00
# Visual Studio Version 17
VisualStudioVersion = 17.0.31903.59
MinimumVisualStudioVersion = 10.0.40219.1
Project("{FAE04EC0-301F-11D3-BF4B-00C04F79EFBC}") = "Unicore.Policy.Service", "Unicore.Policy.Service\Unicore.Policy.Service.csproj", "{87766206-2CB7-4AE1-B5E3-7D9B1D54453F}"
EndProject
Project("{FAE04EC0-301F-11D3-BF4B-00C04F79EFBC}") = "Unicore.Claim.Service", "Unicore.Claim.Service\Unicore.Claim.Service.csproj", "{5C19258F-64E8-467A-AE91-B78AAD323138}"
EndProject
Project("{FAE04EC0-301F-11D3-BF4B-00C04F79EFBC}") = "Unicore.Finance.Service", "Unicore.Finance.Service\Unicore.Finance.Service.csproj", "{5C6A618C-EE21-4701-ABFC-037ACDC024B0}"
EndProject
Project("{FAE04EC0-301F-11D3-BF4B-00C04F79EFBC}") = "Unicore.Common.OpenTelemetry", "Unicore.Common.OpenTelemetry\Unicore.Common.OpenTelemetry.csproj", "{CF26DF76-6AE1-4022-9BDF-149618B14AF2}"
EndProject
Global
	GlobalSection(SolutionConfigurationPlatforms) = preSolution
		Debug|Any CPU = Debug|Any CPU
		Debug|x64 = Debug|x64
		Debug|x86 = Debug|x86
		Release|Any CPU = Release|Any CPU
		Release|x64 = Release|x64
		Release|x86 = Release|x86
	EndGlobalSection
	GlobalSection(ProjectConfigurationPlatforms) = postSolution
		{87766206-2CB7-4AE1-B5E3-7D9B1D54453F}.Debug|Any CPU.ActiveCfg = Debug|Any CPU
		{87766206-2CB7-4AE1-B5E3-7D9B1D54453F}.Debug|Any CPU.Build.0 = Debug|Any CPU
		{87766206-2CB7-4AE1-B5E3-7D9B1D54453F}.Debug|x64.ActiveCfg = Debug|Any CPU
		{87766206-2CB7-4AE1-B5E3-7D9B1D54453F}.Debug|x64.Build.0 = Debug|Any CPU
		{87766206-2CB7-4AE1-B5E3-7D9B1D54453F}.Debug|x86.ActiveCfg = Debug|Any CPU
		{87766206-2CB7-4AE1-B5E3-7D9B1D54453F}.Debug|x86.Build.0 = Debug|Any CPU
		{87766206-2CB7-4AE1-B5E3-7D9B1D54453F}.Release|Any CPU.ActiveCfg = Release|Any CPU
		{87766206-2CB7-4AE1-B5E3-7D9B1D54453F}.Release|Any CPU.Build.0 = Release|Any CPU
		{87766206-2CB7-4AE1-B5E3-7D9B1D54453F}.Release|x64.ActiveCfg = Release|Any CPU
		{87766206-2CB7-4AE1-B5E3-7D9B1D54453F}.Release|x64.Build.0 = Release|Any CPU
		{87766206-2CB7-4AE1-B5E3-7D9B1D54453F}.Release|x86.ActiveCfg = Release|Any CPU
		{87766206-2CB7-4AE1-B5E3-7D9B1D54453F}.Release|x86.Build.0 = Release|Any CPU
		{5C19258F-64E8-467A-AE91-B78AAD323138}.Debug|Any CPU.ActiveCfg = Debug|Any CPU
		{5C19258F-64E8-467A-AE91-B78AAD323138}.Debug|Any CPU.Build.0 = Debug|Any CPU
		{5C19258F-64E8-467A-AE91-B78AAD323138}.Debug|x64.ActiveCfg = Debug|Any CPU
		{5C19258F-64E8-467A-AE91-B78AAD323138}.Debug|x64.Build.0 = Debug|Any CPU
		{5C19258F-64E8-467A-AE91-B78AAD323138}.Debug|x86.ActiveCfg = Debug|Any CPU
		{5C19258F-64E8-467A-AE91-B78AAD323138}.Debug|x86.Build.0 = Debug|Any CPU
		{5C19258F-64E8-467A-AE91-B78AAD323138}.Release|Any CPU.ActiveCfg = Release|Any CPU
		{5C19258F-64E8-467A-AE91-B78AAD323138}.Release|Any CPU.Build.0 = Release|Any CPU
		{5C19258F-64E8-467A-AE91-B78AAD323138}.Release|x64.ActiveCfg = Release|Any CPU
		{5C19258F-64E8-467A-AE91-B78AAD323138}.Release|x64.Build.0 = Release|Any CPU
		{5C19258F-64E8-467A-AE91-B78AAD323138}.Release|x86.ActiveCfg = Release|Any CPU
		{5C19258F-64E8-467A-AE91-B78AAD323138}.Release|x86.Build.0 = Release|Any CPU
		{5C6A618C-EE21-4701-ABFC-037ACDC024B0}.Debug|Any CPU.ActiveCfg = Debug|Any CPU
		{5C6A618C-EE21-4701-ABFC-037ACDC024B0}.Debug|Any CPU.Build.0 = Debug|Any CPU
		{5C6A618C-EE21-4701-ABFC-037ACDC024B0}.Debug|x64.ActiveCfg = Debug|Any CPU
		{5C6A618C-EE21-4701-ABFC-037ACDC024B0}.Debug|x64.Build.0 = Debug|Any CPU
		{5C6A618C-EE21-4701-ABFC-037ACDC024B0}.Debug|x86.ActiveCfg = Debug|Any CPU
		{5C6A618C-EE21-4701-ABFC-037ACDC024B0}.Debug|x86.Build.0 = Debug|Any CPU
		{5C6A618C-EE21-4701-ABFC-037ACDC024B0}.Release|Any CPU.ActiveCfg = Release|Any CPU
		{5C6A618C-EE21-4701-ABFC-037ACDC024B0}.Release|Any CPU.Build.0 = Release|Any CPU
		{5C6A618C-EE21-4701-ABFC-037ACDC024B0}.Release|x64.ActiveCfg = Release|Any CPU
		{5C6A618C-EE21-4701-ABFC-037ACDC024B0}.Release|x64.Build.0 = Release|Any CPU
		{5C6A618C-EE21-4701-ABFC-037ACDC024B0}.Release|x86.ActiveCfg = Release|Any CPU
		{5C6A618C-EE21-4701-ABFC-037ACDC024B0}.Release|x86.Build.0 = Release|Any CPU
		{CF26DF76-6AE1-4022-9BDF-149618B14AF2}.Debug|Any CPU.ActiveCfg = Debug|Any CPU
		{CF26DF76-6AE1-4022-9BDF-149618B14AF2}.Debug|Any CPU.Build.0 = Debug|Any CPU
		{CF26DF76-6AE1-4022-9BDF-149618B14AF2}.Debug|x64.ActiveCfg = Debug|Any CPU
		{CF26DF76-6AE1-4022-9BDF-149618B14AF2}.Debug|x64.Build.0 = Debug|Any CPU
		{CF26DF76-6AE1-4022-9BDF-149618B14AF2}.Debug|x86.ActiveCfg = Debug|Any CPU
		{CF26DF76-6AE1-4022-9BDF-149618B14AF2}.Debug|x86.Build.0 = Debug|Any CPU
		{CF26DF76-6AE1-4022-9BDF-149618B14AF2}.Release|Any CPU.ActiveCfg = Release|Any CPU
		{CF26DF76-6AE1-4022-9BDF-149618B14AF2}.Release|Any CPU.Build.0 = Release|Any CPU
		{CF26DF76-6AE1-4022-9BDF-149618B14AF2}.Release|x64.ActiveCfg = Release|Any CPU
		{CF26DF76-6AE1-4022-9BDF-149618B14AF2}.Release|x64.Build.0 = Release|Any CPU
		{CF26DF76-6AE1-4022-9BDF-149618B14AF2}.Release|x86.ActiveCfg = Release|Any CPU
		{CF26DF76-6AE1-4022-9BDF-149618B14AF2}.Release|x86.Build.0 = Release|Any CPU
	EndGlobalSection
	GlobalSection(SolutionProperties) = preSolution
		HideSolutionNode = FALSE
	EndGlobalSection
EndGlobal
